
Microsoft Visual Studio Solution File, Format Version 12.00
# Visual Studio 15
VisualStudioVersion = 15.0.27130.2024
MinimumVisualStudioVersion = 10.0.40219.1
Project("{FAE04EC0-301F-11D3-BF4B-00C04F79EFBC}") = "MOSAD0", "MOSAD0\MOSAD0.csproj", "{A15A2AFF-4F2F-4A5D-B64A-24D19D23681D}"
EndProject
Project("{FAE04EC0-301F-11D3-BF4B-00C04F79EFBC}") = "BackgroundTasks", "BackgroundTasks\BackgroundTasks.csproj", "{9675B99E-5536-4B68-922B-60AC327BEE02}"
EndProject
Global
	GlobalSection(SolutionConfigurationPlatforms) = preSolution
		Debug|Any CPU = Debug|Any CPU
		Debug|ARM = Debug|ARM
		Debug|x64 = Debug|x64
		Debug|x86 = Debug|x86
		Release|Any CPU = Release|Any CPU
		Release|ARM = Release|ARM
		Release|x64 = Release|x64
		Release|x86 = Release|x86
	EndGlobalSection
	GlobalSection(ProjectConfigurationPlatforms) = postSolution
		{A15A2AFF-4F2F-4A5D-B64A-24D19D23681D}.Debug|Any CPU.ActiveCfg = Debug|x86
		{A15A2AFF-4F2F-4A5D-B64A-24D19D23681D}.Debug|ARM.ActiveCfg = Debug|ARM
		{A15A2AFF-4F2F-4A5D-B64A-24D19D23681D}.Debug|ARM.Build.0 = Debug|ARM
		{A15A2AFF-4F2F-4A5D-B64A-24D19D23681D}.Debug|ARM.Deploy.0 = Debug|ARM
		{A15A2AFF-4F2F-4A5D-B64A-24D19D23681D}.Debug|x64.ActiveCfg = Debug|x64
		{A15A2AFF-4F2F-4A5D-B64A-24D19D23681D}.Debug|x64.Build.0 = Debug|x64
		{A15A2AFF-4F2F-4A5D-B64A-24D19D23681D}.Debug|x64.Deploy.0 = Debug|x64
		{A15A2AFF-4F2F-4A5D-B64A-24D19D23681D}.Debug|x86.ActiveCfg = Debug|x86
		{A15A2AFF-4F2F-4A5D-B64A-24D19D23681D}.Debug|x86.Build.0 = Debug|x86
		{A15A2AFF-4F2F-4A5D-B64A-24D19D23681D}.Debug|x86.Deploy.0 = Debug|x86
		{A15A2AFF-4F2F-4A5D-B64A-24D19D23681D}.Release|Any CPU.ActiveCfg = Release|x86
		{A15A2AFF-4F2F-4A5D-B64A-24D19D23681D}.Release|ARM.ActiveCfg = Release|ARM
		{A15A2AFF-4F2F-4A5D-B64A-24D19D23681D}.Release|ARM.Build.0 = Release|ARM
		{A15A2AFF-4F2F-4A5D-B64A-24D19D23681D}.Release|ARM.Deploy.0 = Release|ARM
		{A15A2AFF-4F2F-4A5D-B64A-24D19D23681D}.Release|x64.ActiveCfg = Release|x64
		{A15A2AFF-4F2F-4A5D-B64A-24D19D23681D}.Release|x64.Build.0 = Release|x64
		{A15A2AFF-4F2F-4A5D-B64A-24D19D23681D}.Release|x64.Deploy.0 = Release|x64
		{A15A2AFF-4F2F-4A5D-B64A-24D19D23681D}.Release|x86.ActiveCfg = Release|x86
		{A15A2AFF-4F2F-4A5D-B64A-24D19D23681D}.Release|x86.Build.0 = Release|x86
		{A15A2AFF-4F2F-4A5D-B64A-24D19D23681D}.Release|x86.Deploy.0 = Release|x86
		{9675B99E-5536-4B68-922B-60AC327BEE02}.Debug|Any CPU.ActiveCfg = Debug|Any CPU
		{9675B99E-5536-4B68-922B-60AC327BEE02}.Debug|Any CPU.Build.0 = Debug|Any CPU
		{9675B99E-5536-4B68-922B-60AC327BEE02}.Debug|ARM.ActiveCfg = Debug|ARM
		{9675B99E-5536-4B68-922B-60AC327BEE02}.Debug|ARM.Build.0 = Debug|ARM
		{9675B99E-5536-4B68-922B-60AC327BEE02}.Debug|x64.ActiveCfg = Debug|x64
		{9675B99E-5536-4B68-922B-60AC327BEE02}.Debug|x64.Build.0 = Debug|x64
		{9675B99E-5536-4B68-922B-60AC327BEE02}.Debug|x86.ActiveCfg = Debug|x86
		{9675B99E-5536-4B68-922B-60AC327BEE02}.Debug|x86.Build.0 = Debug|x86
		{9675B99E-5536-4B68-922B-60AC327BEE02}.Release|Any CPU.ActiveCfg = Release|Any CPU
		{9675B99E-5536-4B68-922B-60AC327BEE02}.Release|Any CPU.Build.0 = Release|Any CPU
		{9675B99E-5536-4B68-922B-60AC327BEE02}.Release|ARM.ActiveCfg = Release|ARM
		{9675B99E-5536-4B68-922B-60AC327BEE02}.Release|ARM.Build.0 = Release|ARM
		{9675B99E-5536-4B68-922B-60AC327BEE02}.Release|x64.ActiveCfg = Release|x64
		{9675B99E-5536-4B68-922B-60AC327BEE02}.Release|x64.Build.0 = Release|x64
		{9675B99E-5536-4B68-922B-60AC327BEE02}.Release|x86.ActiveCfg = Release|x86
		{9675B99E-5536-4B68-922B-60AC327BEE02}.Release|x86.Build.0 = Release|x86
	EndGlobalSection
	GlobalSection(SolutionProperties) = preSolution
		HideSolutionNode = FALSE
	EndGlobalSection
	GlobalSection(ExtensibilityGlobals) = postSolution
		SolutionGuid = {EBF51632-FCC5-4697-B015-D98258EB7770}
	EndGlobalSection
EndGlobal
